lockfileVersion: 5.4

specifiers:
  commander: ^9.4.0
  dayjs: ^1.11.5
  execa: ^6.1.0

dependencies:
  commander: registry.npmmirror.com/commander/9.4.0
  dayjs: registry.npmmirror.com/dayjs/1.11.5
  execa: registry.npmmirror.com/execa/6.1.0

packages:

  registry.npmmirror.com/commander/9.4.0:
    resolution: {integrity: sha512-sRPT+umqkz90UA8M1yqYfnHlZA7fF6nSphDtxeywPZ49ysjxDQybzk13CL+mXekDRG92skbcqCLVovuCusNmFw==, registry: https://registry.npm.taobao.org/, tarball: https://registry.npmmirror.com/commander/-/commander-9.4.0.tgz}
    name: commander
    version: 9.4.0
    engines: {node: ^12.20.0 || >=14}
    dev: false

  registry.npmmirror.com/cross-spawn/7.0.3:
    resolution: {integrity: sha512-iRDPJKUPVEND7dHPO8rkbOnPpyDygcDFtWjpeWNCgy8WP2rXcxXL8TskReQl6OrB2G7+UJrags1q15Fudc7G6w==, registry: https://registry.npm.taobao.org/, tarball: https://registry.npmmirror.com/cross-spawn/-/cross-spawn-7.0.3.tgz}
    name: cross-spawn
    version: 7.0.3
    engines: {node: '>= 8'}
    dependencies:
      path-key: registry.npmmirror.com/path-key/3.1.1
      shebang-command: registry.npmmirror.com/shebang-command/2.0.0
      which: registry.npmmirror.com/which/2.0.2
    dev: false

  registry.npmmirror.com/dayjs/1.11.5:
    resolution: {integrity: sha512-CAdX5Q3YW3Gclyo5Vpqkgpj8fSdLQcRuzfX6mC6Phy0nfJ0eGYOeS7m4mt2plDWLAtA4TqTakvbboHvUxfe4iA==, registry: https://registry.npm.taobao.org/, tarball: https://registry.npmmirror.com/dayjs/-/dayjs-1.11.5.tgz}
    name: dayjs
    version: 1.11.5
    dev: false

  registry.npmmirror.com/execa/6.1.0:
    resolution: {integrity: sha512-QVWlX2e50heYJcCPG0iWtf8r0xjEYfz/OYLGDYH+IyjWezzPNxz63qNFOu0l4YftGWuizFVZHHs8PrLU5p2IDA==, registry: https://registry.npm.taobao.org/, tarball: https://registry.npmmirror.com/execa/-/execa-6.1.0.tgz}
    name: execa
    version: 6.1.0
    engines: {node: ^12.20.0 || ^14.13.1 || >=16.0.0}
    dependencies:
      cross-spawn: registry.npmmirror.com/cross-spawn/7.0.3
      get-stream: registry.npmmirror.com/get-stream/6.0.1
      human-signals: registry.npmmirror.com/human-signals/3.0.1
      is-stream: registry.npmmirror.com/is-stream/3.0.0
      merge-stream: registry.npmmirror.com/merge-stream/2.0.0
      npm-run-path: registry.npmmirror.com/npm-run-path/5.1.0
      onetime: registry.npmmirror.com/onetime/6.0.0
      signal-exit: registry.npmmirror.com/signal-exit/3.0.7
      strip-final-newline: registry.npmmirror.com/strip-final-newline/3.0.0
    dev: false

  registry.npmmirror.com/get-stream/6.0.1:
    resolution: {integrity: sha512-ts6Wi+2j3jQjqi70w5AlN8DFnkSwC+MqmxEzdEALB2qXZYV3X/b1CTfgPLGJNMeAWxdPfU8FO1ms3NUfaHCPYg==, registry: https://registry.npm.taobao.org/, tarball: https://registry.npmmirror.com/get-stream/-/get-stream-6.0.1.tgz}
    name: get-stream
    version: 6.0.1
    engines: {node: '>=10'}
    dev: false

  registry.npmmirror.com/human-signals/3.0.1:
    resolution: {integrity: sha512-rQLskxnM/5OCldHo+wNXbpVgDn5A17CUoKX+7Sokwaknlq7CdSnphy0W39GU8dw59XiCXmFXDg4fRuckQRKewQ==, registry: https://registry.npm.taobao.org/, tarball: https://registry.npmmirror.com/human-signals/-/human-signals-3.0.1.tgz}
    name: human-signals
    version: 3.0.1
    engines: {node: '>=12.20.0'}
    dev: false

  registry.npmmirror.com/is-stream/3.0.0:
    resolution: {integrity: sha512-LnQR4bZ9IADDRSkvpqMGvt/tEJWclzklNgSw48V5EAaAeDd6qGvN8ei6k5p0tvxSR171VmGyHuTiAOfxAbr8kA==, registry: https://registry.npm.taobao.org/, tarball: https://registry.npmmirror.com/is-stream/-/is-stream-3.0.0.tgz}
    name: is-stream
    version: 3.0.0
    engines: {node: ^12.20.0 || ^14.13.1 || >=16.0.0}
    dev: false

  registry.npmmirror.com/isexe/2.0.0:
    resolution: {integrity: sha512-RHxMLp9lnKHGHRng9QFhRCMbYAcVpn69smSGcq3f36xjgVVWThj4qqLbTLlq7Ssj8B+fIQ1EuCEGI2lKsyQeIw==, registry: https://registry.npm.taobao.org/, tarball: https://registry.npmmirror.com/isexe/-/isexe-2.0.0.tgz}
    name: isexe
    version: 2.0.0
    dev: false

  registry.npmmirror.com/merge-stream/2.0.0:
    resolution: {integrity: sha512-abv/qOcuPfk3URPfDzmZU1LKmuw8kT+0nIHvKrKgFrwifol/doWcdA4ZqsWQ8ENrFKkd67Mfpo/LovbIUsbt3w==, registry: https://registry.npm.taobao.org/, tarball: https://registry.npmmirror.com/merge-stream/-/merge-stream-2.0.0.tgz}
    name: merge-stream
    version: 2.0.0
    dev: false

  registry.npmmirror.com/mimic-fn/4.0.0:
    resolution: {integrity: sha512-vqiC06CuhBTUdZH+RYl8sFrL096vA45Ok5ISO6sE/Mr1jRbGH4Csnhi8f3wKVl7x8mO4Au7Ir9D3Oyv1VYMFJw==, registry: https://registry.npm.taobao.org/, tarball: https://registry.npmmirror.com/mimic-fn/-/mimic-fn-4.0.0.tgz}
    name: mimic-fn
    version: 4.0.0
    engines: {node: '>=12'}
    dev: false

  registry.npmmirror.com/npm-run-path/5.1.0:
    resolution: {integrity: sha512-sJOdmRGrY2sjNTRMbSvluQqg+8X7ZK61yvzBEIDhz4f8z1TZFYABsqjjCBd/0PUNE9M6QDgHJXQkGUEm7Q+l9Q==, registry: https://registry.npm.taobao.org/, tarball: https://registry.npmmirror.com/npm-run-path/-/npm-run-path-5.1.0.tgz}
    name: npm-run-path
    version: 5.1.0
    engines: {node: ^12.20.0 || ^14.13.1 || >=16.0.0}
    dependencies:
      path-key: registry.npmmirror.com/path-key/4.0.0
    dev: false

  registry.npmmirror.com/onetime/6.0.0:
    resolution: {integrity: sha512-1FlR+gjXK7X+AsAHso35MnyN5KqGwJRi/31ft6x0M194ht7S+rWAvd7PHss9xSKMzE0asv1pyIHaJYq+BbacAQ==, registry: https://registry.npm.taobao.org/, tarball: https://registry.npmmirror.com/onetime/-/onetime-6.0.0.tgz}
    name: onetime
    version: 6.0.0
    engines: {node: '>=12'}
    dependencies:
      mimic-fn: registry.npmmirror.com/mimic-fn/4.0.0
    dev: false

  registry.npmmirror.com/path-key/3.1.1:
    resolution: {integrity: sha512-ojmeN0qd+y0jszEtoY48r0Peq5dwMEkIlCOu6Q5f41lfkswXuKtYrhgoTpLnyIcHm24Uhqx+5Tqm2InSwLhE6Q==, registry: https://registry.npm.taobao.org/, tarball: https://registry.npmmirror.com/path-key/-/path-key-3.1.1.tgz}
    name: path-key
    version: 3.1.1
    engines: {node: '>=8'}
    dev: false

  registry.npmmirror.com/path-key/4.0.0:
    resolution: {integrity: sha512-haREypq7xkM7ErfgIyA0z+Bj4AGKlMSdlQE2jvJo6huWD1EdkKYV+G/T4nq0YEF2vgTT8kqMFKo1uHn950r4SQ==, registry: https://registry.npm.taobao.org/, tarball: https://registry.npmmirror.com/path-key/-/path-key-4.0.0.tgz}
    name: path-key
    version: 4.0.0
    engines: {node: '>=12'}
    dev: false

  registry.npmmirror.com/shebang-command/2.0.0:
    resolution: {integrity: sha512-kHxr2zZpYtdmrN1qDjrrX/Z1rR1kG8Dx+gkpK1G4eXmvXswmcE1hTWBWYUzlraYw1/yZp6YuDY77YtvbN0dmDA==, registry: https://registry.npm.taobao.org/, tarball: https://registry.npmmirror.com/shebang-command/-/shebang-command-2.0.0.tgz}
    name: shebang-command
    version: 2.0.0
    engines: {node: '>=8'}
    dependencies:
      shebang-regex: registry.npmmirror.com/shebang-regex/3.0.0
    dev: false

  registry.npmmirror.com/shebang-regex/3.0.0:
    resolution: {integrity: sha512-7++dFhtcx3353uBaq8DDR4NuxBetBzC7ZQOhmTQInHEd6bSrXdiEyzCvG07Z44UYdLShWUyXt5M/yhz8ekcb1A==, registry: https://registry.npm.taobao.org/, tarball: https://registry.npmmirror.com/shebang-regex/-/shebang-regex-3.0.0.tgz}
    name: shebang-regex
    version: 3.0.0
    engines: {node: '>=8'}
    dev: false

  registry.npmmirror.com/signal-exit/3.0.7:
    resolution: {integrity: sha512-wnD2ZE+l+SPC/uoS0vXeE9L1+0wuaMqKlfz9AMUo38JsyLSBWSFcHR1Rri62LZc12vLr1gb3jl7iwQhgwpAbGQ==, registry: https://registry.npm.taobao.org/, tarball: https://registry.npmmirror.com/signal-exit/-/signal-exit-3.0.7.tgz}
    name: signal-exit
    version: 3.0.7
    dev: false

  registry.npmmirror.com/strip-final-newline/3.0.0:
    resolution: {integrity: sha512-dOESqjYr96iWYylGObzd39EuNTa5VJxyvVAEm5Jnh7KGo75V43Hk1odPQkNDyXNmUR6k+gEiDVXnjB8HJ3crXw==, registry: https://registry.npm.taobao.org/, tarball: https://registry.npmmirror.com/strip-final-newline/-/strip-final-newline-3.0.0.tgz}
    name: strip-final-newline
    version: 3.0.0
    engines: {node: '>=12'}
    dev: false

  registry.npmmirror.com/which/2.0.2:
    resolution: {integrity: sha512-BLI3Tl1TW3Pvl70l3yq3Y64i+awpwXqsGBYWkkqMtnbXgrMD+yj7rhW0kuEDxzJaYXGjEW5ogapKNMEKNMjibA==, registry: https://registry.npm.taobao.org/, tarball: https://registry.npmmirror.com/which/-/which-2.0.2.tgz}
    name: which
    version: 2.0.2
    engines: {node: '>= 8'}
    hasBin: true
    dependencies:
      isexe: registry.npmmirror.com/isexe/2.0.0
    dev: false
